
Microsoft Visual Studio Solution File, Format Version 12.00
# Visual Studio Version 17
VisualStudioVersion = 17.11.35431.28
MinimumVisualStudioVersion = 10.0.40219.1
Project("{FAE04EC0-301F-11D3-BF4B-00C04F79EFBC}") = "ParamsReader", "ParamsReader.csproj", "{10746C8E-5CFA-42FD-B84A-F6176402597F}"
EndProject
Project("{FAE04EC0-301F-11D3-BF4B-00C04F79EFBC}") = "ParamsReader.Console", "..\ParamsReader.Console\ParamsReader.Console.csproj", "{2E98F5DB-B8E3-4785-87F6-DED64037FA93}"
EndProject
Global
	GlobalSection(SolutionConfigurationPlatforms) = preSolution
		Debug|Any CPU = Debug|Any CPU
		Release|Any CPU = Release|Any CPU
	EndGlobalSection
	GlobalSection(ProjectConfigurationPlatforms) = postSolution
		{10746C8E-5CFA-42FD-B84A-F6176402597F}.Debug|Any CPU.ActiveCfg = Debug|Any CPU
		{10746C8E-5CFA-42FD-B84A-F6176402597F}.Debug|Any CPU.Build.0 = Debug|Any CPU
		{10746C8E-5CFA-42FD-B84A-F6176402597F}.Release|Any CPU.ActiveCfg = Release|Any CPU
		{10746C8E-5CFA-42FD-B84A-F6176402597F}.Release|Any CPU.Build.0 = Release|Any CPU
		{2E98F5DB-B8E3-4785-87F6-DED64037FA93}.Debug|Any CPU.ActiveCfg = Debug|Any CPU
		{2E98F5DB-B8E3-4785-87F6-DED64037FA93}.Debug|Any CPU.Build.0 = Debug|Any CPU
		{2E98F5DB-B8E3-4785-87F6-DED64037FA93}.Release|Any CPU.ActiveCfg = Release|Any CPU
		{2E98F5DB-B8E3-4785-87F6-DED64037FA93}.Release|Any CPU.Build.0 = Release|Any CPU
	EndGlobalSection
	GlobalSection(SolutionProperties) = preSolution
		HideSolutionNode = FALSE
	EndGlobalSection
	GlobalSection(ExtensibilityGlobals) = postSolution
		SolutionGuid = {BB24EE2D-D736-481B-89C1-80D99CFE4CEE}
	EndGlobalSection
EndGlobal
